
Microsoft Visual Studio Solution File, Format Version 12.00
# Visual Studio Version 17
VisualStudioVersion = 17.0.31903.59
MinimumVisualStudioVersion = 10.0.40219.1
Project("{2150E333-8FDC-42A3-9474-1A3956D46DE8}") = "aspire", "aspire", "{8090089D-7EA1-4BB9-86C8-F77F79231F9E}"
EndProject
Project("{FAE04EC0-301F-11D3-BF4B-00C04F79EFBC}") = "AppHost", "aspire\AppHost\AppHost.csproj", "{D22E58EB-6572-4241-8356-ED85C1699DDA}"
EndProject
Project("{FAE04EC0-301F-11D3-BF4B-00C04F79EFBC}") = "ServiceDefaults", "aspire\ServiceDefaults\ServiceDefaults.csproj", "{0A70F742-374E-488D-88CA-2FCABF42786A}"
EndProject
Project("{2150E333-8FDC-42A3-9474-1A3956D46DE8}") = "src", "src", "{8E96B71A-EA99-4ACE-851A-21881CAF28F3}"
EndProject
Project("{2150E333-8FDC-42A3-9474-1A3956D46DE8}") = "Application", "Application", "{E16A354C-DFE3-4945-8AD0-D4C0118B227F}"
EndProject
Project("{FAE04EC0-301F-11D3-BF4B-00C04F79EFBC}") = "Ollamish.App", "src\Application\Ollamish.App\Ollamish.App.csproj", "{CA182615-98A7-4959-8F14-D5FB46D0398B}"
EndProject
Project("{2150E333-8FDC-42A3-9474-1A3956D46DE8}") = "test", "test", "{DE139539-0453-4C02-BB3A-4B48AE3D5BA6}"
EndProject
Project("{FAE04EC0-301F-11D3-BF4B-00C04F79EFBC}") = "Ollamish.Workbench", "test\Ollamish.Workbench\Ollamish.Workbench.csproj", "{EEF1C74D-7AAE-402A-8462-86BA71F1CB35}"
EndProject
Project("{2150E333-8FDC-42A3-9474-1A3956D46DE8}") = "Solution Items", "Solution Items", "{639D10E1-B6E2-47B8-A4FB-958A9807ADE6}"
	ProjectSection(SolutionItems) = preProject
		.editorconfig = .editorconfig
		.env.example = .env.example
		.gitignore = .gitignore
		Directory.Build.props = Directory.Build.props
		Directory.Packages.props = Directory.Packages.props
		.config\dotnet-tools.json = .config\dotnet-tools.json
		global.json = global.json
	EndProjectSection
EndProject
Project("{2150E333-8FDC-42A3-9474-1A3956D46DE8}") = "Presentation", "Presentation", "{8A39F8FB-C7C6-4BFE-8FCA-1408FE5359AE}"
EndProject
Project("{FAE04EC0-301F-11D3-BF4B-00C04F79EFBC}") = "Ollamish.WebApi", "src\Presentation\Ollamish.WebApi\Ollamish.WebApi.csproj", "{FA60A6F7-B1A3-49DA-B688-5BFB3344B1CB}"
EndProject
Project("{FAE04EC0-301F-11D3-BF4B-00C04F79EFBC}") = "Ollamish.EndpointMapper", "src\Presentation\Ollamish.EndpointMapper\Ollamish.EndpointMapper.csproj", "{2F0EA5E2-CCAC-4F83-B715-262F1A8A35DB}"
EndProject
Project("{2150E333-8FDC-42A3-9474-1A3956D46DE8}") = "Shared", "Shared", "{13B35D31-605A-4FF2-9CD5-BA0E02A34648}"
EndProject
Project("{FAE04EC0-301F-11D3-BF4B-00C04F79EFBC}") = "WellKnowns", "src\Shared\WellKnowns\WellKnowns.csproj", "{8D87EFCF-7AC8-4373-ADB4-C57EC8B3F60B}"
EndProject
Global
	GlobalSection(SolutionConfigurationPlatforms) = preSolution
		Debug|Any CPU = Debug|Any CPU
		Release|Any CPU = Release|Any CPU
	EndGlobalSection
	GlobalSection(ProjectConfigurationPlatforms) = postSolution
		{D22E58EB-6572-4241-8356-ED85C1699DDA}.Debug|Any CPU.ActiveCfg = Debug|Any CPU
		{D22E58EB-6572-4241-8356-ED85C1699DDA}.Debug|Any CPU.Build.0 = Debug|Any CPU
		{D22E58EB-6572-4241-8356-ED85C1699DDA}.Release|Any CPU.ActiveCfg = Release|Any CPU
		{D22E58EB-6572-4241-8356-ED85C1699DDA}.Release|Any CPU.Build.0 = Release|Any CPU
		{0A70F742-374E-488D-88CA-2FCABF42786A}.Debug|Any CPU.ActiveCfg = Debug|Any CPU
		{0A70F742-374E-488D-88CA-2FCABF42786A}.Debug|Any CPU.Build.0 = Debug|Any CPU
		{0A70F742-374E-488D-88CA-2FCABF42786A}.Release|Any CPU.ActiveCfg = Release|Any CPU
		{0A70F742-374E-488D-88CA-2FCABF42786A}.Release|Any CPU.Build.0 = Release|Any CPU
		{CA182615-98A7-4959-8F14-D5FB46D0398B}.Debug|Any CPU.ActiveCfg = Debug|Any CPU
		{CA182615-98A7-4959-8F14-D5FB46D0398B}.Debug|Any CPU.Build.0 = Debug|Any CPU
		{CA182615-98A7-4959-8F14-D5FB46D0398B}.Release|Any CPU.ActiveCfg = Release|Any CPU
		{CA182615-98A7-4959-8F14-D5FB46D0398B}.Release|Any CPU.Build.0 = Release|Any CPU
		{EEF1C74D-7AAE-402A-8462-86BA71F1CB35}.Debug|Any CPU.ActiveCfg = Debug|Any CPU
		{EEF1C74D-7AAE-402A-8462-86BA71F1CB35}.Debug|Any CPU.Build.0 = Debug|Any CPU
		{EEF1C74D-7AAE-402A-8462-86BA71F1CB35}.Release|Any CPU.ActiveCfg = Release|Any CPU
		{EEF1C74D-7AAE-402A-8462-86BA71F1CB35}.Release|Any CPU.Build.0 = Release|Any CPU
		{FA60A6F7-B1A3-49DA-B688-5BFB3344B1CB}.Debug|Any CPU.ActiveCfg = Debug|Any CPU
		{FA60A6F7-B1A3-49DA-B688-5BFB3344B1CB}.Debug|Any CPU.Build.0 = Debug|Any CPU
		{FA60A6F7-B1A3-49DA-B688-5BFB3344B1CB}.Release|Any CPU.ActiveCfg = Release|Any CPU
		{FA60A6F7-B1A3-49DA-B688-5BFB3344B1CB}.Release|Any CPU.Build.0 = Release|Any CPU
		{2F0EA5E2-CCAC-4F83-B715-262F1A8A35DB}.Debug|Any CPU.ActiveCfg = Debug|Any CPU
		{2F0EA5E2-CCAC-4F83-B715-262F1A8A35DB}.Debug|Any CPU.Build.0 = Debug|Any CPU
		{2F0EA5E2-CCAC-4F83-B715-262F1A8A35DB}.Release|Any CPU.ActiveCfg = Release|Any CPU
		{2F0EA5E2-CCAC-4F83-B715-262F1A8A35DB}.Release|Any CPU.Build.0 = Release|Any CPU
		{8D87EFCF-7AC8-4373-ADB4-C57EC8B3F60B}.Debug|Any CPU.ActiveCfg = Debug|Any CPU
		{8D87EFCF-7AC8-4373-ADB4-C57EC8B3F60B}.Debug|Any CPU.Build.0 = Debug|Any CPU
		{8D87EFCF-7AC8-4373-ADB4-C57EC8B3F60B}.Release|Any CPU.ActiveCfg = Release|Any CPU
		{8D87EFCF-7AC8-4373-ADB4-C57EC8B3F60B}.Release|Any CPU.Build.0 = Release|Any CPU
	EndGlobalSection
	GlobalSection(SolutionProperties) = preSolution
		HideSolutionNode = FALSE
	EndGlobalSection
	GlobalSection(NestedProjects) = preSolution
		{D22E58EB-6572-4241-8356-ED85C1699DDA} = {8090089D-7EA1-4BB9-86C8-F77F79231F9E}
		{0A70F742-374E-488D-88CA-2FCABF42786A} = {8090089D-7EA1-4BB9-86C8-F77F79231F9E}
		{E16A354C-DFE3-4945-8AD0-D4C0118B227F} = {8E96B71A-EA99-4ACE-851A-21881CAF28F3}
		{CA182615-98A7-4959-8F14-D5FB46D0398B} = {E16A354C-DFE3-4945-8AD0-D4C0118B227F}
		{EEF1C74D-7AAE-402A-8462-86BA71F1CB35} = {DE139539-0453-4C02-BB3A-4B48AE3D5BA6}
		{8A39F8FB-C7C6-4BFE-8FCA-1408FE5359AE} = {8E96B71A-EA99-4ACE-851A-21881CAF28F3}
		{FA60A6F7-B1A3-49DA-B688-5BFB3344B1CB} = {8A39F8FB-C7C6-4BFE-8FCA-1408FE5359AE}
		{2F0EA5E2-CCAC-4F83-B715-262F1A8A35DB} = {8A39F8FB-C7C6-4BFE-8FCA-1408FE5359AE}
		{13B35D31-605A-4FF2-9CD5-BA0E02A34648} = {8E96B71A-EA99-4ACE-851A-21881CAF28F3}
		{8D87EFCF-7AC8-4373-ADB4-C57EC8B3F60B} = {13B35D31-605A-4FF2-9CD5-BA0E02A34648}
	EndGlobalSection
EndGlobal
